
Microsoft Visual Studio Solution File, Format Version 12.00
# Visual Studio 14
VisualStudioVersion = 14.0.25123.0
MinimumVisualStudioVersion = 10.0.40219.1
Project("{FAE04EC0-301F-11D3-BF4B-00C04F79EFBC}") = "Tetris", "Tetris\Tetris.csproj", "{A0060B74-92CD-41DA-932F-D722AE46CF63}"
EndProject
Project("{FAE04EC0-301F-11D3-BF4B-00C04F79EFBC}") = "TetrisTest", "TetrisTest\TetrisTest.csproj", "{085AF211-D780-45DB-9801-86FECE990523}"
EndProject
Global
	GlobalSection(SolutionConfigurationPlatforms) = preSolution
		Debug|Any CPU = Debug|Any CPU
		Release|Any CPU = Release|Any CPU
	EndGlobalSection
	GlobalSection(ProjectConfigurationPlatforms) = postSolution
		{A0060B74-92CD-41DA-932F-D722AE46CF63}.Debug|Any CPU.ActiveCfg = Debug|Any CPU
		{A0060B74-92CD-41DA-932F-D722AE46CF63}.Debug|Any CPU.Build.0 = Debug|Any CPU
		{A0060B74-92CD-41DA-932F-D722AE46CF63}.Release|Any CPU.ActiveCfg = Release|Any CPU
		{A0060B74-92CD-41DA-932F-D722AE46CF63}.Release|Any CPU.Build.0 = Release|Any CPU
		{085AF211-D780-45DB-9801-86FECE990523}.Debug|Any CPU.ActiveCfg = Debug|Any CPU
		{085AF211-D780-45DB-9801-86FECE990523}.Debug|Any CPU.Build.0 = Debug|Any CPU
		{085AF211-D780-45DB-9801-86FECE990523}.Release|Any CPU.ActiveCfg = Release|Any CPU
		{085AF211-D780-45DB-9801-86FECE990523}.Release|Any CPU.Build.0 = Release|Any CPU
	EndGlobalSection
	GlobalSection(SolutionProperties) = preSolution
		HideSolutionNode = FALSE
	EndGlobalSection
EndGlobal
